{
  "version": 4,
  "terraform_version": "1.12.0",
  "serial": 153,
  "lineage": "e585fa93-4fd7-7418-5d26-ed45e3868407",
  "outputs": {},
  "resources": [
    {
      "mode": "data",
      "type": "yandex_compute_image",
      "name": "ubuntu",
      "provider": "provider[\"registry.terraform.io/yandex-cloud/yandex\"]",
      "instances": [
        {
          "schema_version": 0,
          "attributes": {
            "created_at": "2025-06-16T11:03:34Z",
            "description": "Ubuntu 20.04 lts v20250613010800",
            "family": "ubuntu-2004-lts",
            "folder_id": "standard-images",
            "hardware_generation": [
              {
                "generation2_features": [],
                "legacy_features": [
                  {
                    "pci_topology": "PCI_TOPOLOGY_V2"
                  }
                ]
              }
            ],
            "id": "fd82sbkf9uivdgu0i3fm",
            "image_id": "fd82sbkf9uivdgu0i3fm",
            "kms_key_id": null,
            "labels": {
              "version": "20250613010800"
            },
            "min_disk_size": 5,
            "name": "ubuntu-20-04-lts-v20250616",
            "os_type": "linux",
            "pooled": true,
            "product_ids": [
              "f2ev5dd1u4gvl9h9s7g3"
            ],
            "size": 2,
            "status": "ready"
          },
          "sensitive_attributes": [],
          "identity_schema_version": 0
        }
      ]
    },
    {
      "mode": "managed",
      "type": "local_file",
      "name": "ansible_inventory",
      "provider": "provider[\"registry.terraform.io/hashicorp/local\"]",
      "instances": [
        {
          "schema_version": 0,
          "attributes": {
            "content": "[webservers]\nweb-1 ansible_host=10.0.1.38 fqdn=fhmll46tmjijkqucjrdo.auto.internal\nweb-2 ansible_host=10.0.1.32 fqdn=fhmoktpj94kkgm97g4pd.auto.internal\n\n[databases]\nmain ansible_host=10.0.1.16 fqdn=fhm00jg59nuhugrl03lk.auto.internal\nreplica ansible_host=10.0.1.30 fqdn=fhm8d628ulceblio59ft.auto.internal\n\n[storage]\nstorage ansible_host=10.0.1.9 fqdn=fhmmm7kv62c6n69gbqok.auto.internal\n",
            "content_base64": null,
            "content_base64sha256": "Iz1Q8zZgvV5xbi2TfD3CJUKij8nFCFIF1cw72THiARo=",
            "content_base64sha512": "Xk6kfWVXV8MuGznWAoCNOEzEE2KXrG1O7dT6u1yy54cudTpWyLAjged6ytlxuqM5HNAdz/BrluPfPpq8gPg5pA==",
            "content_md5": "210eb7de3c293e609f0ae8aea048217a",
            "content_sha1": "e1883920e96db2bf15dc52ea11e0daccc8a8092f",
            "content_sha256": "233d50f33660bd5e716e2d937c3dc22542a28fc9c5085205d5cc3bd931e2011a",
            "content_sha512": "5e4ea47d655757c32e1b39d602808d384cc4136297ac6d4eedd4fabb5cb2e7872e753a56c8b02381e77acad971baa3391cd01dcff06b96e3df3e9abc80f839a4",
            "directory_permission": "0777",
            "file_permission": "0777",
            "filename": "./inventory.ini",
            "id": "e1883920e96db2bf15dc52ea11e0daccc8a8092f",
            "sensitive_content": null,
            "source": null
          },
          "sensitive_attributes": [
            [
              {
                "type": "get_attr",
                "value": "sensitive_content"
              }
            ]
          ],
          "identity_schema_version": 0,
          "dependencies": [
            "data.yandex_compute_image.ubuntu",
            "yandex_compute_disk.storage_disks",
            "yandex_compute_instance.db_vms",
            "yandex_compute_instance.storage",
            "yandex_compute_instance.web_vms",
            "yandex_vpc_network.develop",
            "yandex_vpc_security_group.example",
            "yandex_vpc_subnet.develop"
          ]
        }
      ]
    },
    {
      "mode": "managed",
      "type": "local_file",
      "name": "test_1",
      "provider": "provider[\"registry.terraform.io/hashicorp/local\"]",
      "instances": [
        {
          "schema_version": 0,
          "attributes": {
            "content": "\n[webservers]\n\n  web-1   ansible_host=10.0.1.38\n\n  web-2   ansible_host=10.0.1.32\n\n\n",
            "content_base64": null,
            "content_base64sha256": "6Pt/iLa9TTT++0FI8s471KjQ2/catHrZQW5lN7NPXZI=",
            "content_base64sha512": "+4vvpt2WsqbUVX7fPvswEikqnEwNMkqw0VjnKTxpxrJY6YH8RLXPpKM18Wo3ALzmry7G7wJrBPqZF8mj99s8pw==",
            "content_md5": "de2906d28b4de37d04ebb0d685088132",
            "content_sha1": "aed6c9db8a0158abd7d2dcd986ffda63458e25f7",
            "content_sha256": "e8fb7f88b6bd4d34fefb4148f2ce3bd4a8d0dbf71ab47ad9416e6537b34f5d92",
            "content_sha512": "fb8befa6dd96b2a6d4557edf3efb3012292a9c4c0d324ab0d158e7293c69c6b258e981fc44b5cfa4a335f16a3700bce6af2ec6ef026b04fa9917c9a3f7db3ca7",
            "directory_permission": "0777",
            "file_permission": "0777",
            "filename": "/home/devops/ter-homeworks/03/src/test_1.ini",
            "id": "aed6c9db8a0158abd7d2dcd986ffda63458e25f7",
            "sensitive_content": null,
            "source": null
          },
          "sensitive_attributes": [
            [
              {
                "type": "get_attr",
                "value": "sensitive_content"
              }
            ]
          ],
          "identity_schema_version": 0,
          "dependencies": [
            "data.yandex_compute_image.ubuntu",
            "yandex_compute_instance.db_vms",
            "yandex_compute_instance.web_vms",
            "yandex_vpc_network.develop",
            "yandex_vpc_security_group.example",
            "yandex_vpc_subnet.develop"
          ]
        }
      ]
    },
    {
      "mode": "managed",
      "type": "yandex_compute_disk",
      "name": "storage_disks",
      "provider": "provider[\"registry.terraform.io/yandex-cloud/yandex\"]",
      "instances": [
        {
          "index_key": 0,
          "schema_version": 0,
          "attributes": {
            "allow_recreate": null,
            "block_size": 4096,
            "created_at": "2025-06-25T08:09:22Z",
            "description": "",
            "disk_placement_policy": [
              {
                "disk_placement_group_id": ""
              }
            ],
            "folder_id": "b1gbeq5mdvfdml5k7lv2",
            "hardware_generation": [
              {
                "generation2_features": [],
                "legacy_features": [
                  {
                    "pci_topology": "PCI_TOPOLOGY_V1"
                  }
                ]
              }
            ],
            "id": "fhmsm13pl6gd2sam2m2v",
            "image_id": "",
            "kms_key_id": null,
            "labels": {},
            "name": "storage-disk-0",
            "product_ids": [],
            "size": 1,
            "snapshot_id": "",
            "status": "ready",
            "timeouts": null,
            "type": "network-hdd",
            "zone": "ru-central1-a"
          },
          "sensitive_attributes": [],
          "identity_schema_version": 0,
          "private": "eyJlMmJmYjczMC1lY2FhLTExZTYtOGY4OC0zNDM2M2JjN2M0YzAiOnsiY3JlYXRlIjozMDAwMDAwMDAwMDAsImRlbGV0ZSI6MzAwMDAwMDAwMDAwLCJ1cGRhdGUiOjMwMDAwMDAwMDAwMH19"
        },
        {
          "index_key": 1,
          "schema_version": 0,
          "attributes": {
            "allow_recreate": null,
            "block_size": 4096,
            "created_at": "2025-06-25T08:09:22Z",
            "description": "",
            "disk_placement_policy": [
              {
                "disk_placement_group_id": ""
              }
            ],
            "folder_id": "b1gbeq5mdvfdml5k7lv2",
            "hardware_generation": [
              {
                "generation2_features": [],
                "legacy_features": [
                  {
                    "pci_topology": "PCI_TOPOLOGY_V1"
                  }
                ]
              }
            ],
            "id": "fhmn4mad1rcd2em9lu77",
            "image_id": "",
            "kms_key_id": null,
            "labels": {},
            "name": "storage-disk-1",
            "product_ids": [],
            "size": 1,
            "snapshot_id": "",
            "status": "ready",
            "timeouts": null,
            "type": "network-hdd",
            "zone": "ru-central1-a"
          },
          "sensitive_attributes": [],
          "identity_schema_version": 0,
          "private": "eyJlMmJmYjczMC1lY2FhLTExZTYtOGY4OC0zNDM2M2JjN2M0YzAiOnsiY3JlYXRlIjozMDAwMDAwMDAwMDAsImRlbGV0ZSI6MzAwMDAwMDAwMDAwLCJ1cGRhdGUiOjMwMDAwMDAwMDAwMH19"
        },
        {
          "index_key": 2,
          "schema_version": 0,
          "attributes": {
            "allow_recreate": null,
            "block_size": 4096,
            "created_at": "2025-06-25T08:09:22Z",
            "description": "",
            "disk_placement_policy": [
              {
                "disk_placement_group_id": ""
              }
            ],
            "folder_id": "b1gbeq5mdvfdml5k7lv2",
            "hardware_generation": [
              {
                "generation2_features": [],
                "legacy_features": [
                  {
                    "pci_topology": "PCI_TOPOLOGY_V1"
                  }
                ]
              }
            ],
            "id": "fhmvm4tvopt2kb9nkdmc",
            "image_id": "",
            "kms_key_id": null,
            "labels": {},
            "name": "storage-disk-2",
            "product_ids": [],
            "size": 1,
            "snapshot_id": "",
            "status": "ready",
            "timeouts": null,
            "type": "network-hdd",
            "zone": "ru-central1-a"
          },
          "sensitive_attributes": [],
          "identity_schema_version": 0,
          "private": "eyJlMmJmYjczMC1lY2FhLTExZTYtOGY4OC0zNDM2M2JjN2M0YzAiOnsiY3JlYXRlIjozMDAwMDAwMDAwMDAsImRlbGV0ZSI6MzAwMDAwMDAwMDAwLCJ1cGRhdGUiOjMwMDAwMDAwMDAwMH19"
        }
      ]
    },
    {
      "mode": "managed",
      "type": "yandex_compute_instance",
      "name": "db_vms",
      "provider": "provider[\"registry.terraform.io/yandex-cloud/yandex\"]",
      "instances": [
        {
          "index_key": "main",
          "schema_version": 1,
          "attributes": {
            "allow_recreate": null,
            "allow_stopping_for_update": null,
            "boot_disk": [
              {
                "auto_delete": true,
                "device_name": "fhm8g6nj7futkamb9d0j",
                "disk_id": "fhm8g6nj7futkamb9d0j",
                "initialize_params": [
                  {
                    "block_size": 4096,
                    "description": "",
                    "image_id": "fd82sbkf9uivdgu0i3fm",
                    "kms_key_id": "",
                    "name": "",
                    "size": 6,
                    "snapshot_id": "",
                    "type": "network-hdd"
                  }
                ],
                "mode": "READ_WRITE"
              }
            ],
            "created_at": "2025-06-25T08:17:50Z",
            "description": "",
            "filesystem": [],
            "folder_id": "b1gbeq5mdvfdml5k7lv2",
            "fqdn": "fhm00jg59nuhugrl03lk.auto.internal",
            "gpu_cluster_id": "",
            "hardware_generation": [
              {
                "generation2_features": [],
                "legacy_features": [
                  {
                    "pci_topology": "PCI_TOPOLOGY_V2"
                  }
                ]
              }
            ],
            "hostname": "",
            "id": "fhm00jg59nuhugrl03lk",
            "labels": {},
            "local_disk": [],
            "maintenance_grace_period": "",
            "maintenance_policy": null,
            "metadata": {
              "serial-port-enable": "1",
              "ssh-keys": "ubuntu:ssh-ed25519 AAAAC3NzaC1lZDI1NTE5AAAAIBTghPVe1t4te9AHfljmlRAm1U57qQkFZLqfYhUG8q+a xrdpuser@popmatrix007.fvds.ru\n"
            },
            "metadata_options": [
              {
                "aws_v1_http_endpoint": 1,
                "aws_v1_http_token": 2,
                "gce_http_endpoint": 1,
                "gce_http_token": 1
              }
            ],
            "name": "main",
            "network_acceleration_type": "standard",
            "network_interface": [
              {
                "dns_record": [],
                "index": 0,
                "ip_address": "10.0.1.16",
                "ipv4": true,
                "ipv6": false,
                "ipv6_address": "",
                "ipv6_dns_record": [],
                "mac_address": "d0:0d:4e:05:4d:fd",
                "nat": true,
                "nat_dns_record": [],
                "nat_ip_address": "158.160.101.115",
                "nat_ip_version": "IPV4",
                "security_group_ids": [
                  "enpp0tc5bluqrniatq6s"
                ],
                "subnet_id": "e9bmmibeuv4ep6misqta"
              }
            ],
            "placement_policy": [
              {
                "host_affinity_rules": [],
                "placement_group_id": "",
                "placement_group_partition": 0
              }
            ],
            "platform_id": "standard-v1",
            "resources": [
              {
                "core_fraction": 5,
                "cores": 2,
                "gpus": 0,
                "memory": 2
              }
            ],
            "scheduling_policy": [
              {
                "preemptible": false
              }
            ],
            "secondary_disk": [],
            "service_account_id": "",
            "status": "running",
            "timeouts": null,
            "zone": "ru-central1-a"
          },
          "sensitive_attributes": [],
          "identity_schema_version": 0,
          "private": "eyJlMmJmYjczMC1lY2FhLTExZTYtOGY4OC0zNDM2M2JjN2M0YzAiOnsiY3JlYXRlIjozMDAwMDAwMDAwMDAsImRlbGV0ZSI6MzAwMDAwMDAwMDAwLCJ1cGRhdGUiOjMwMDAwMDAwMDAwMH0sInNjaGVtYV92ZXJzaW9uIjoiMSJ9",
          "dependencies": [
            "data.yandex_compute_image.ubuntu",
            "yandex_vpc_network.develop",
            "yandex_vpc_security_group.example",
            "yandex_vpc_subnet.develop"
          ]
        },
        {
          "index_key": "replica",
          "schema_version": 1,
          "attributes": {
            "allow_recreate": null,
            "allow_stopping_for_update": null,
            "boot_disk": [
              {
                "auto_delete": true,
                "device_name": "fhmn8tbs13trl93ge12v",
                "disk_id": "fhmn8tbs13trl93ge12v",
                "initialize_params": [
                  {
                    "block_size": 4096,
                    "description": "",
                    "image_id": "fd82sbkf9uivdgu0i3fm",
                    "kms_key_id": "",
                    "name": "",
                    "size": 5,
                    "snapshot_id": "",
                    "type": "network-hdd"
                  }
                ],
                "mode": "READ_WRITE"
              }
            ],
            "created_at": "2025-06-25T08:17:50Z",
            "description": "",
            "filesystem": [],
            "folder_id": "b1gbeq5mdvfdml5k7lv2",
            "fqdn": "fhm8d628ulceblio59ft.auto.internal",
            "gpu_cluster_id": "",
            "hardware_generation": [
              {
                "generation2_features": [],
                "legacy_features": [
                  {
                    "pci_topology": "PCI_TOPOLOGY_V2"
                  }
                ]
              }
            ],
            "hostname": "",
            "id": "fhm8d628ulceblio59ft",
            "labels": {},
            "local_disk": [],
            "maintenance_grace_period": "",
            "maintenance_policy": null,
            "metadata": {
              "serial-port-enable": "1",
              "ssh-keys": "ubuntu:ssh-ed25519 AAAAC3NzaC1lZDI1NTE5AAAAIBTghPVe1t4te9AHfljmlRAm1U57qQkFZLqfYhUG8q+a xrdpuser@popmatrix007.fvds.ru\n"
            },
            "metadata_options": [
              {
                "aws_v1_http_endpoint": 1,
                "aws_v1_http_token": 2,
                "gce_http_endpoint": 1,
                "gce_http_token": 1
              }
            ],
            "name": "replica",
            "network_acceleration_type": "standard",
            "network_interface": [
              {
                "dns_record": [],
                "index": 0,
                "ip_address": "10.0.1.30",
                "ipv4": true,
                "ipv6": false,
                "ipv6_address": "",
                "ipv6_dns_record": [],
                "mac_address": "d0:0d:86:98:48:f5",
                "nat": true,
                "nat_dns_record": [],
                "nat_ip_address": "158.160.96.224",
                "nat_ip_version": "IPV4",
                "security_group_ids": [
                  "enpp0tc5bluqrniatq6s"
                ],
                "subnet_id": "e9bmmibeuv4ep6misqta"
              }
            ],
            "placement_policy": [
              {
                "host_affinity_rules": [],
                "placement_group_id": "",
                "placement_group_partition": 0
              }
            ],
            "platform_id": "standard-v1",
            "resources": [
              {
                "core_fraction": 5,
                "cores": 2,
                "gpus": 0,
                "memory": 1
              }
            ],
            "scheduling_policy": [
              {
                "preemptible": false
              }
            ],
            "secondary_disk": [],
            "service_account_id": "",
            "status": "running",
            "timeouts": null,
            "zone": "ru-central1-a"
          },
          "sensitive_attributes": [],
          "identity_schema_version": 0,
          "private": "eyJlMmJmYjczMC1lY2FhLTExZTYtOGY4OC0zNDM2M2JjN2M0YzAiOnsiY3JlYXRlIjozMDAwMDAwMDAwMDAsImRlbGV0ZSI6MzAwMDAwMDAwMDAwLCJ1cGRhdGUiOjMwMDAwMDAwMDAwMH0sInNjaGVtYV92ZXJzaW9uIjoiMSJ9",
          "dependencies": [
            "data.yandex_compute_image.ubuntu",
            "yandex_vpc_network.develop",
            "yandex_vpc_security_group.example",
            "yandex_vpc_subnet.develop"
          ]
        }
      ]
    },
    {
      "mode": "managed",
      "type": "yandex_compute_instance",
      "name": "storage",
      "provider": "provider[\"registry.terraform.io/yandex-cloud/yandex\"]",
      "instances": [
        {
          "schema_version": 1,
          "attributes": {
            "allow_recreate": null,
            "allow_stopping_for_update": null,
            "boot_disk": [
              {
                "auto_delete": true,
                "device_name": "fhm9gkm3obkes3ragd9k",
                "disk_id": "fhm9gkm3obkes3ragd9k",
                "initialize_params": [
                  {
                    "block_size": 4096,
                    "description": "",
                    "image_id": "fd82sbkf9uivdgu0i3fm",
                    "kms_key_id": "",
                    "name": "",
                    "size": 5,
                    "snapshot_id": "",
                    "type": "network-hdd"
                  }
                ],
                "mode": "READ_WRITE"
              }
            ],
            "created_at": "2025-06-25T08:17:50Z",
            "description": "",
            "filesystem": [],
            "folder_id": "b1gbeq5mdvfdml5k7lv2",
            "fqdn": "fhmmm7kv62c6n69gbqok.auto.internal",
            "gpu_cluster_id": "",
            "hardware_generation": [
              {
                "generation2_features": [],
                "legacy_features": [
                  {
                    "pci_topology": "PCI_TOPOLOGY_V2"
                  }
                ]
              }
            ],
            "hostname": "",
            "id": "fhmmm7kv62c6n69gbqok",
            "labels": {},
            "local_disk": [],
            "maintenance_grace_period": "",
            "maintenance_policy": null,
            "metadata": {
              "serial-port-enable": "1",
              "ssh-keys": "ubuntu:ssh-ed25519 AAAAC3NzaC1lZDI1NTE5AAAAIBTghPVe1t4te9AHfljmlRAm1U57qQkFZLqfYhUG8q+a xrdpuser@popmatrix007.fvds.ru\n"
            },
            "metadata_options": [
              {
                "aws_v1_http_endpoint": 1,
                "aws_v1_http_token": 2,
                "gce_http_endpoint": 1,
                "gce_http_token": 1
              }
            ],
            "name": "storage",
            "network_acceleration_type": "standard",
            "network_interface": [
              {
                "dns_record": [],
                "index": 0,
                "ip_address": "10.0.1.9",
                "ipv4": true,
                "ipv6": false,
                "ipv6_address": "",
                "ipv6_dns_record": [],
                "mac_address": "d0:0d:16:b1:e9:f3",
                "nat": true,
                "nat_dns_record": [],
                "nat_ip_address": "89.169.148.160",
                "nat_ip_version": "IPV4",
                "security_group_ids": [
                  "enpp0tc5bluqrniatq6s"
                ],
                "subnet_id": "e9bmmibeuv4ep6misqta"
              }
            ],
            "placement_policy": [
              {
                "host_affinity_rules": [],
                "placement_group_id": "",
                "placement_group_partition": 0
              }
            ],
            "platform_id": "standard-v1",
            "resources": [
              {
                "core_fraction": 5,
                "cores": 2,
                "gpus": 0,
                "memory": 1
              }
            ],
            "scheduling_policy": [
              {
                "preemptible": false
              }
            ],
            "secondary_disk": [
              {
                "auto_delete": false,
                "device_name": "fhmn4mad1rcd2em9lu77",
                "disk_id": "fhmn4mad1rcd2em9lu77",
                "mode": "READ_WRITE"
              },
              {
                "auto_delete": false,
                "device_name": "fhmsm13pl6gd2sam2m2v",
                "disk_id": "fhmsm13pl6gd2sam2m2v",
                "mode": "READ_WRITE"
              },
              {
                "auto_delete": false,
                "device_name": "fhmvm4tvopt2kb9nkdmc",
                "disk_id": "fhmvm4tvopt2kb9nkdmc",
                "mode": "READ_WRITE"
              }
            ],
            "service_account_id": "",
            "status": "running",
            "timeouts": null,
            "zone": "ru-central1-a"
          },
          "sensitive_attributes": [],
          "identity_schema_version": 0,
          "private": "eyJlMmJmYjczMC1lY2FhLTExZTYtOGY4OC0zNDM2M2JjN2M0YzAiOnsiY3JlYXRlIjozMDAwMDAwMDAwMDAsImRlbGV0ZSI6MzAwMDAwMDAwMDAwLCJ1cGRhdGUiOjMwMDAwMDAwMDAwMH0sInNjaGVtYV92ZXJzaW9uIjoiMSJ9",
          "dependencies": [
            "data.yandex_compute_image.ubuntu",
            "yandex_compute_disk.storage_disks",
            "yandex_vpc_network.develop",
            "yandex_vpc_security_group.example",
            "yandex_vpc_subnet.develop"
          ]
        }
      ]
    },
    {
      "mode": "managed",
      "type": "yandex_compute_instance",
      "name": "web_vms",
      "provider": "provider[\"registry.terraform.io/yandex-cloud/yandex\"]",
      "instances": [
        {
          "index_key": 0,
          "schema_version": 1,
          "attributes": {
            "allow_recreate": null,
            "allow_stopping_for_update": null,
            "boot_disk": [
              {
                "auto_delete": true,
                "device_name": "fhmofh2dugcahnje1i4p",
                "disk_id": "fhmofh2dugcahnje1i4p",
                "initialize_params": [
                  {
                    "block_size": 4096,
                    "description": "",
                    "image_id": "fd82sbkf9uivdgu0i3fm",
                    "kms_key_id": "",
                    "name": "",
                    "size": 5,
                    "snapshot_id": "",
                    "type": "network-hdd"
                  }
                ],
                "mode": "READ_WRITE"
              }
            ],
            "created_at": "2025-06-25T08:18:43Z",
            "description": "",
            "filesystem": [],
            "folder_id": "b1gbeq5mdvfdml5k7lv2",
            "fqdn": "fhmll46tmjijkqucjrdo.auto.internal",
            "gpu_cluster_id": "",
            "hardware_generation": [
              {
                "generation2_features": [],
                "legacy_features": [
                  {
                    "pci_topology": "PCI_TOPOLOGY_V2"
                  }
                ]
              }
            ],
            "hostname": "",
            "id": "fhmll46tmjijkqucjrdo",
            "labels": {},
            "local_disk": [],
            "maintenance_grace_period": "",
            "maintenance_policy": null,
            "metadata": {
              "serial-port-enable": "1",
              "ssh-keys": "ubuntu:ssh-ed25519 AAAAC3NzaC1lZDI1NTE5AAAAIBTghPVe1t4te9AHfljmlRAm1U57qQkFZLqfYhUG8q+a xrdpuser@popmatrix007.fvds.ru\n"
            },
            "metadata_options": [
              {
                "aws_v1_http_endpoint": 1,
                "aws_v1_http_token": 2,
                "gce_http_endpoint": 1,
                "gce_http_token": 1
              }
            ],
            "name": "web-1",
            "network_acceleration_type": "standard",
            "network_interface": [
              {
                "dns_record": [],
                "index": 0,
                "ip_address": "10.0.1.38",
                "ipv4": true,
                "ipv6": false,
                "ipv6_address": "",
                "ipv6_dns_record": [],
                "mac_address": "d0:0d:15:a9:0d:db",
                "nat": true,
                "nat_dns_record": [],
                "nat_ip_address": "89.169.147.70",
                "nat_ip_version": "IPV4",
                "security_group_ids": [
                  "enpp0tc5bluqrniatq6s"
                ],
                "subnet_id": "e9bmmibeuv4ep6misqta"
              }
            ],
            "placement_policy": [
              {
                "host_affinity_rules": [],
                "placement_group_id": "",
                "placement_group_partition": 0
              }
            ],
            "platform_id": "standard-v1",
            "resources": [
              {
                "core_fraction": 5,
                "cores": 2,
                "gpus": 0,
                "memory": 1
              }
            ],
            "scheduling_policy": [
              {
                "preemptible": false
              }
            ],
            "secondary_disk": [],
            "service_account_id": "",
            "status": "running",
            "timeouts": null,
            "zone": "ru-central1-a"
          },
          "sensitive_attributes": [],
          "identity_schema_version": 0,
          "private": "eyJlMmJmYjczMC1lY2FhLTExZTYtOGY4OC0zNDM2M2JjN2M0YzAiOnsiY3JlYXRlIjozMDAwMDAwMDAwMDAsImRlbGV0ZSI6MzAwMDAwMDAwMDAwLCJ1cGRhdGUiOjMwMDAwMDAwMDAwMH0sInNjaGVtYV92ZXJzaW9uIjoiMSJ9",
          "dependencies": [
            "data.yandex_compute_image.ubuntu",
            "yandex_compute_instance.db_vms",
            "yandex_vpc_network.develop",
            "yandex_vpc_security_group.example",
            "yandex_vpc_subnet.develop"
          ]
        },
        {
          "index_key": 1,
          "schema_version": 1,
          "attributes": {
            "allow_recreate": null,
            "allow_stopping_for_update": null,
            "boot_disk": [
              {
                "auto_delete": true,
                "device_name": "fhmqft98lk7hdidokrva",
                "disk_id": "fhmqft98lk7hdidokrva",
                "initialize_params": [
                  {
                    "block_size": 4096,
                    "description": "",
                    "image_id": "fd82sbkf9uivdgu0i3fm",
                    "kms_key_id": "",
                    "name": "",
                    "size": 5,
                    "snapshot_id": "",
                    "type": "network-hdd"
                  }
                ],
                "mode": "READ_WRITE"
              }
            ],
            "created_at": "2025-06-25T08:18:43Z",
            "description": "",
            "filesystem": [],
            "folder_id": "b1gbeq5mdvfdml5k7lv2",
            "fqdn": "fhmoktpj94kkgm97g4pd.auto.internal",
            "gpu_cluster_id": "",
            "hardware_generation": [
              {
                "generation2_features": [],
                "legacy_features": [
                  {
                    "pci_topology": "PCI_TOPOLOGY_V2"
                  }
                ]
              }
            ],
            "hostname": "",
            "id": "fhmoktpj94kkgm97g4pd",
            "labels": {},
            "local_disk": [],
            "maintenance_grace_period": "",
            "maintenance_policy": null,
            "metadata": {
              "serial-port-enable": "1",
              "ssh-keys": "ubuntu:ssh-ed25519 AAAAC3NzaC1lZDI1NTE5AAAAIBTghPVe1t4te9AHfljmlRAm1U57qQkFZLqfYhUG8q+a xrdpuser@popmatrix007.fvds.ru\n"
            },
            "metadata_options": [
              {
                "aws_v1_http_endpoint": 1,
                "aws_v1_http_token": 2,
                "gce_http_endpoint": 1,
                "gce_http_token": 1
              }
            ],
            "name": "web-2",
            "network_acceleration_type": "standard",
            "network_interface": [
              {
                "dns_record": [],
                "index": 0,
                "ip_address": "10.0.1.32",
                "ipv4": true,
                "ipv6": false,
                "ipv6_address": "",
                "ipv6_dns_record": [],
                "mac_address": "d0:0d:18:a7:73:34",
                "nat": true,
                "nat_dns_record": [],
                "nat_ip_address": "89.169.132.237",
                "nat_ip_version": "IPV4",
                "security_group_ids": [
                  "enpp0tc5bluqrniatq6s"
                ],
                "subnet_id": "e9bmmibeuv4ep6misqta"
              }
            ],
            "placement_policy": [
              {
                "host_affinity_rules": [],
                "placement_group_id": "",
                "placement_group_partition": 0
              }
            ],
            "platform_id": "standard-v1",
            "resources": [
              {
                "core_fraction": 5,
                "cores": 2,
                "gpus": 0,
                "memory": 1
              }
            ],
            "scheduling_policy": [
              {
                "preemptible": false
              }
            ],
            "secondary_disk": [],
            "service_account_id": "",
            "status": "running",
            "timeouts": null,
            "zone": "ru-central1-a"
          },
          "sensitive_attributes": [],
          "identity_schema_version": 0,
          "private": "eyJlMmJmYjczMC1lY2FhLTExZTYtOGY4OC0zNDM2M2JjN2M0YzAiOnsiY3JlYXRlIjozMDAwMDAwMDAwMDAsImRlbGV0ZSI6MzAwMDAwMDAwMDAwLCJ1cGRhdGUiOjMwMDAwMDAwMDAwMH0sInNjaGVtYV92ZXJzaW9uIjoiMSJ9",
          "dependencies": [
            "data.yandex_compute_image.ubuntu",
            "yandex_compute_instance.db_vms",
            "yandex_vpc_network.develop",
            "yandex_vpc_security_group.example",
            "yandex_vpc_subnet.develop"
          ]
        }
      ]
    },
    {
      "mode": "managed",
      "type": "yandex_vpc_network",
      "name": "develop",
      "provider": "provider[\"registry.terraform.io/yandex-cloud/yandex\"]",
      "instances": [
        {
          "schema_version": 0,
          "attributes": {
            "created_at": "2025-06-25T08:17:44Z",
            "default_security_group_id": "enpt7lfbmjot65pun9g9",
            "description": "",
            "folder_id": "b1gbeq5mdvfdml5k7lv2",
            "id": "enpkevr84a0jv9adosbr",
            "labels": {},
            "name": "develop",
            "subnet_ids": [
              "e9bmmibeuv4ep6misqta"
            ],
            "timeouts": null
          },
          "sensitive_attributes": [],
          "identity_schema_version": 0,
          "private": "eyJlMmJmYjczMC1lY2FhLTExZTYtOGY4OC0zNDM2M2JjN2M0YzAiOnsiY3JlYXRlIjo2MDAwMDAwMDAwMCwiZGVsZXRlIjo2MDAwMDAwMDAwMCwidXBkYXRlIjo2MDAwMDAwMDAwMH19"
        }
      ]
    },
    {
      "mode": "managed",
      "type": "yandex_vpc_security_group",
      "name": "example",
      "provider": "provider[\"registry.terraform.io/yandex-cloud/yandex\"]",
      "instances": [
        {
          "schema_version": 0,
          "attributes": {
            "created_at": "2025-06-25T08:17:49Z",
            "description": "",
            "egress": [
              {
                "description": "разрешить весь исходящий трафик",
                "from_port": 0,
                "id": "enpmd0arnn6lsl22i9mp",
                "labels": {},
                "port": -1,
                "predefined_target": "",
                "protocol": "TCP",
                "security_group_id": "",
                "to_port": 65365,
                "v4_cidr_blocks": [
                  "0.0.0.0/0"
                ],
                "v6_cidr_blocks": []
              }
            ],
            "folder_id": "b1gbeq5mdvfdml5k7lv2",
            "id": "enpp0tc5bluqrniatq6s",
            "ingress": [
              {
                "description": "разрешить входящий  http",
                "from_port": -1,
                "id": "enpua3vt6apli8u4b0aa",
                "labels": {},
                "port": 80,
                "predefined_target": "",
                "protocol": "TCP",
                "security_group_id": "",
                "to_port": -1,
                "v4_cidr_blocks": [
                  "0.0.0.0/0"
                ],
                "v6_cidr_blocks": []
              },
              {
                "description": "разрешить входящий https",
                "from_port": -1,
                "id": "enpuvlch99p3n4s6p78e",
                "labels": {},
                "port": 443,
                "predefined_target": "",
                "protocol": "TCP",
                "security_group_id": "",
                "to_port": -1,
                "v4_cidr_blocks": [
                  "0.0.0.0/0"
                ],
                "v6_cidr_blocks": []
              },
              {
                "description": "разрешить входящий ssh",
                "from_port": -1,
                "id": "enp5eaahu7dv5i5iue6o",
                "labels": {},
                "port": 22,
                "predefined_target": "",
                "protocol": "TCP",
                "security_group_id": "",
                "to_port": -1,
                "v4_cidr_blocks": [
                  "0.0.0.0/0"
                ],
                "v6_cidr_blocks": []
              }
            ],
            "labels": {},
            "name": "example_dynamic",
            "network_id": "enpkevr84a0jv9adosbr",
            "status": "ACTIVE",
            "timeouts": null
          },
          "sensitive_attributes": [],
          "identity_schema_version": 0,
          "private": "eyJlMmJmYjczMC1lY2FhLTExZTYtOGY4OC0zNDM2M2JjN2M0YzAiOnsiY3JlYXRlIjoxODAwMDAwMDAwMDAsImRlbGV0ZSI6MTgwMDAwMDAwMDAwLCJ1cGRhdGUiOjE4MDAwMDAwMDAwMH19",
          "dependencies": [
            "yandex_vpc_network.develop"
          ]
        }
      ]
    },
    {
      "mode": "managed",
      "type": "yandex_vpc_subnet",
      "name": "develop",
      "provider": "provider[\"registry.terraform.io/yandex-cloud/yandex\"]",
      "instances": [
        {
          "schema_version": 0,
          "attributes": {
            "created_at": "2025-06-25T08:17:47Z",
            "description": "",
            "dhcp_options": [],
            "folder_id": "b1gbeq5mdvfdml5k7lv2",
            "id": "e9bmmibeuv4ep6misqta",
            "labels": {},
            "name": "develop",
            "network_id": "enpkevr84a0jv9adosbr",
            "route_table_id": "",
            "timeouts": null,
            "v4_cidr_blocks": [
              "10.0.1.0/24"
            ],
            "v6_cidr_blocks": [],
            "zone": "ru-central1-a"
          },
          "sensitive_attributes": [],
          "identity_schema_version": 0,
          "private": "eyJlMmJmYjczMC1lY2FhLTExZTYtOGY4OC0zNDM2M2JjN2M0YzAiOnsiY3JlYXRlIjoxODAwMDAwMDAwMDAsImRlbGV0ZSI6MTgwMDAwMDAwMDAwLCJ1cGRhdGUiOjE4MDAwMDAwMDAwMH19",
          "dependencies": [
            "yandex_vpc_network.develop"
          ]
        }
      ]
    }
  ],
  "check_results": null
}
